
Microsoft Visual Studio Solution File, Format Version 12.00
# Visual Studio Version 17
VisualStudioVersion = 17.13.35825.156 d17.13
MinimumVisualStudioVersion = 10.0.40219.1
Project("{FAE04EC0-301F-11D3-BF4B-00C04F79EFBC}") = "patrones.test", "patrones.test\patrones.test.csproj", "{41749F49-CF0B-4DDE-BBAB-5E46796E9780}"
EndProject
Project("{FAE04EC0-301F-11D3-BF4B-00C04F79EFBC}") = "patrones.back", "patrones.back\patrones.back.csproj", "{346BDCC0-4623-4424-9539-3DA6E0E7E56D}"
EndProject
Global
	GlobalSection(SolutionConfigurationPlatforms) = preSolution
		Debug|Any CPU = Debug|Any CPU
		Release|Any CPU = Release|Any CPU
	EndGlobalSection
	GlobalSection(ProjectConfigurationPlatforms) = postSolution
		{41749F49-CF0B-4DDE-BBAB-5E46796E9780}.Debug|Any CPU.ActiveCfg = Debug|Any CPU
		{41749F49-CF0B-4DDE-BBAB-5E46796E9780}.Debug|Any CPU.Build.0 = Debug|Any CPU
		{41749F49-CF0B-4DDE-BBAB-5E46796E9780}.Release|Any CPU.ActiveCfg = Release|Any CPU
		{41749F49-CF0B-4DDE-BBAB-5E46796E9780}.Release|Any CPU.Build.0 = Release|Any CPU
		{346BDCC0-4623-4424-9539-3DA6E0E7E56D}.Debug|Any CPU.ActiveCfg = Debug|Any CPU
		{346BDCC0-4623-4424-9539-3DA6E0E7E56D}.Debug|Any CPU.Build.0 = Debug|Any CPU
		{346BDCC0-4623-4424-9539-3DA6E0E7E56D}.Release|Any CPU.ActiveCfg = Release|Any CPU
		{346BDCC0-4623-4424-9539-3DA6E0E7E56D}.Release|Any CPU.Build.0 = Release|Any CPU
	EndGlobalSection
	GlobalSection(SolutionProperties) = preSolution
		HideSolutionNode = FALSE
	EndGlobalSection
	GlobalSection(ExtensibilityGlobals) = postSolution
		SolutionGuid = {E6BAB685-8A28-4EC7-A7F3-3CF797EE2BDB}
	EndGlobalSection
EndGlobal
